// !$*UTF8*$!
{
	archiveVersion = 1;
	classes = {
	};
	objectVersion = 51;
	objects = {

/* Begin PBXBuildFile section */
		3A4B8446BBFEA372E57AA1B0 /* Pods_Mountain_Finder_Mountain_FinderUITests.framework in Frameworks */ = {isa = PBXBuildFile; fileRef = 4B9668C2DE8DFDF6BF88BE44 /* Pods_Mountain_Finder_Mountain_FinderUITests.framework */; };
		8B07112EE4BD6E7187E6E08E /* Pods_Mountain_Finder.framework in Frameworks */ = {isa = PBXBuildFile; fileRef = 2CF6C7AD9369F5AAB9DF574D /* Pods_Mountain_Finder.framework */; };
		A2CB034BB372EA09F6AEE3A0 /* Pods_Mountain_FinderTests.framework in Frameworks */ = {isa = PBXBuildFile; fileRef = C93F8883916A9B069808664E /* Pods_Mountain_FinderTests.framework */; };
		A62F8EF4248DB7F400A1AE26 /* AppDelegate.swift in Sources */ = {isa = PBXBuildFile; fileRef = A62F8EF3248DB7F400A1AE26 /* AppDelegate.swift */; };
		A62F8EF6248DB7F400A1AE26 /* SceneDelegate.swift in Sources */ = {isa = PBXBuildFile; fileRef = A62F8EF5248DB7F400A1AE26 /* SceneDelegate.swift */; };
		A62F8EF9248DB7F400A1AE26 /* Mountain_Finder.xcdatamodeld in Sources */ = {isa = PBXBuildFile; fileRef = A62F8EF7248DB7F400A1AE26 /* Mountain_Finder.xcdatamodeld */; };
		A62F8EFB248DB7F400A1AE26 /* ContentView.swift in Sources */ = {isa = PBXBuildFile; fileRef = A62F8EFA248DB7F400A1AE26 /* ContentView.swift */; };
		A62F8EFD248DB7F500A1AE26 /* Assets.xcassets in Resources */ = {isa = PBXBuildFile; fileRef = A62F8EFC248DB7F500A1AE26 /* Assets.xcassets */; };
		A62F8F00248DB7F500A1AE26 /* Preview Assets.xcassets in Resources */ = {isa = PBXBuildFile; fileRef = A62F8EFF248DB7F500A1AE26 /* Preview Assets.xcassets */; };
		A62F8F03248DB7F500A1AE26 /* LaunchScreen.storyboard in Resources */ = {isa = PBXBuildFile; fileRef = A62F8F01248DB7F500A1AE26 /* LaunchScreen.storyboard */; };
		A62F8F0E248DB7F600A1AE26 /* Mountain_FinderTests.swift in Sources */ = {isa = PBXBuildFile; fileRef = A62F8F0D248DB7F600A1AE26 /* Mountain_FinderTests.swift */; };
		A62F8F19248DB7F600A1AE26 /* Mountain_FinderUITests.swift in Sources */ = {isa = PBXBuildFile; fileRef = A62F8F18248DB7F600A1AE26 /* Mountain_FinderUITests.swift */; };
		A62F8F27248DCC9000A1AE26 /* Requests.swift in Sources */ = {isa = PBXBuildFile; fileRef = A62F8F26248DCC8F00A1AE26 /* Requests.swift */; };
		A62F8F29248DCC9700A1AE26 /* Keys.swift in Sources */ = {isa = PBXBuildFile; fileRef = A62F8F28248DCC9700A1AE26 /* Keys.swift */; };
		A62F8F2D248DE73500A1AE26 /* MapView.swift in Sources */ = {isa = PBXBuildFile; fileRef = A62F8F2C248DE73500A1AE26 /* MapView.swift */; };
/* End PBXBuildFile section */

/* Begin PBXContainerItemProxy section */
		A62F8F0A248DB7F600A1AE26 /* PBXContainerItemProxy */ = {
			isa = PBXContainerItemProxy;
			containerPortal = A62F8EE8248DB7F400A1AE26 /* Project object */;
			proxyType = 1;
			remoteGlobalIDString = A62F8EEF248DB7F400A1AE26;
			remoteInfo = "Mountain Finder";
		};
		A62F8F15248DB7F600A1AE26 /* PBXContainerItemProxy */ = {
			isa = PBXContainerItemProxy;
			containerPortal = A62F8EE8248DB7F400A1AE26 /* Project object */;
			proxyType = 1;
			remoteGlobalIDString = A62F8EEF248DB7F400A1AE26;
			remoteInfo = "Mountain Finder";
		};
/* End PBXContainerItemProxy section */

/* Begin PBXFileReference section */
		2CF6C7AD9369F5AAB9DF574D /* Pods_Mountain_Finder.framework */ = {isa = PBXFileReference; explicitFileType = wrapper.framework; includeInIndex = 0; path = Pods_Mountain_Finder.framework; sourceTree = BUILT_PRODUCTS_DIR; };
		421FF4FAC6F16E795C1E9CC9 /* Pods-Mountain FinderTests.release.xcconfig */ = {isa = PBXFileReference; includeInIndex = 1; lastKnownFileType = text.xcconfig; name = "Pods-Mountain FinderTests.release.xcconfig"; path = "Target Support Files/Pods-Mountain FinderTests/Pods-Mountain FinderTests.release.xcconfig"; sourceTree = "<group>"; };
		4B9668C2DE8DFDF6BF88BE44 /* Pods_Mountain_Finder_Mountain_FinderUITests.framework */ = {isa = PBXFileReference; explicitFileType = wrapper.framework; includeInIndex = 0; path = Pods_Mountain_Finder_Mountain_FinderUITests.framework; sourceTree = BUILT_PRODUCTS_DIR; };
		854778699850617EBD17FC77 /* Pods-Mountain Finder-Mountain FinderUITests.debug.xcconfig */ = {isa = PBXFileReference; includeInIndex = 1; lastKnownFileType = text.xcconfig; name = "Pods-Mountain Finder-Mountain FinderUITests.debug.xcconfig"; path = "Target Support Files/Pods-Mountain Finder-Mountain FinderUITests/Pods-Mountain Finder-Mountain FinderUITests.debug.xcconfig"; sourceTree = "<group>"; };
		8A0C49FB42A184A5E48A489F /* Pods-Mountain Finder-Mountain FinderUITests.release.xcconfig */ = {isa = PBXFileReference; includeInIndex = 1; lastKnownFileType = text.xcconfig; name = "Pods-Mountain Finder-Mountain FinderUITests.release.xcconfig"; path = "Target Support Files/Pods-Mountain Finder-Mountain FinderUITests/Pods-Mountain Finder-Mountain FinderUITests.release.xcconfig"; sourceTree = "<group>"; };
		8DE1B401562080D95E846349 /* Pods-Mountain Finder.release.xcconfig */ = {isa = PBXFileReference; includeInIndex = 1; lastKnownFileType = text.xcconfig; name = "Pods-Mountain Finder.release.xcconfig"; path = "Target Support Files/Pods-Mountain Finder/Pods-Mountain Finder.release.xcconfig"; sourceTree = "<group>"; };
		A62F8EF0248DB7F400A1AE26 /* Mountain Finder.app */ = {isa = PBXFileReference; explicitFileType = wrapper.application; includeInIndex = 0; path = "Mountain Finder.app"; sourceTree = BUILT_PRODUCTS_DIR; };
		A62F8EF3248DB7F400A1AE26 /* AppDelegate.swift */ = {isa = PBXFileReference; lastKnownFileType = sourcecode.swift; path = AppDelegate.swift; sourceTree = "<group>"; };
		A62F8EF5248DB7F400A1AE26 /* SceneDelegate.swift */ = {isa = PBXFileReference; lastKnownFileType = sourcecode.swift; path = SceneDelegate.swift; sourceTree = "<group>"; };
		A62F8EF8248DB7F400A1AE26 /* Mountain_Finder.xcdatamodel */ = {isa = PBXFileReference; lastKnownFileType = wrapper.xcdatamodel; path = Mountain_Finder.xcdatamodel; sourceTree = "<group>"; };
		A62F8EFA248DB7F400A1AE26 /* ContentView.swift */ = {isa = PBXFileReference; lastKnownFileType = sourcecode.swift; path = ContentView.swift; sourceTree = "<group>"; };
		A62F8EFC248DB7F500A1AE26 /* Assets.xcassets */ = {isa = PBXFileReference; lastKnownFileType = folder.assetcatalog; path = Assets.xcassets; sourceTree = "<group>"; };
		A62F8EFF248DB7F500A1AE26 /* Preview Assets.xcassets */ = {isa = PBXFileReference; lastKnownFileType = folder.assetcatalog; path = "Preview Assets.xcassets"; sourceTree = "<group>"; };
		A62F8F02248DB7F500A1AE26 /* Base */ = {isa = PBXFileReference; lastKnownFileType = file.storyboard; name = Base; path = Base.lproj/LaunchScreen.storyboard; sourceTree = "<group>"; };
		A62F8F04248DB7F500A1AE26 /* Info.plist */ = {isa = PBXFileReference; lastKnownFileType = text.plist.xml; path = Info.plist; sourceTree = "<group>"; };
		A62F8F09248DB7F600A1AE26 /* Mountain FinderTests.xctest */ = {isa = PBXFileReference; explicitFileType = wrapper.cfbundle; includeInIndex = 0; path = "Mountain FinderTests.xctest"; sourceTree = BUILT_PRODUCTS_DIR; };
		A62F8F0D248DB7F600A1AE26 /* Mountain_FinderTests.swift */ = {isa = PBXFileReference; lastKnownFileType = sourcecode.swift; path = Mountain_FinderTests.swift; sourceTree = "<group>"; };
		A62F8F0F248DB7F600A1AE26 /* Info.plist */ = {isa = PBXFileReference; lastKnownFileType = text.plist.xml; path = Info.plist; sourceTree = "<group>"; };
		A62F8F14248DB7F600A1AE26 /* Mountain FinderUITests.xctest */ = {isa = PBXFileReference; explicitFileType = wrapper.cfbundle; includeInIndex = 0; path = "Mountain FinderUITests.xctest"; sourceTree = BUILT_PRODUCTS_DIR; };
		A62F8F18248DB7F600A1AE26 /* Mountain_FinderUITests.swift */ = {isa = PBXFileReference; lastKnownFileType = sourcecode.swift; path = Mountain_FinderUITests.swift; sourceTree = "<group>"; };
		A62F8F1A248DB7F600A1AE26 /* Info.plist */ = {isa = PBXFileReference; lastKnownFileType = text.plist.xml; path = Info.plist; sourceTree = "<group>"; };
		A62F8F26248DCC8F00A1AE26 /* Requests.swift */ = {isa = PBXFileReference; lastKnownFileType = sourcecode.swift; path = Requests.swift; sourceTree = "<group>"; };
		A62F8F28248DCC9700A1AE26 /* Keys.swift */ = {isa = PBXFileReference; lastKnownFileType = sourcecode.swift; path = Keys.swift; sourceTree = "<group>"; };
		A62F8F2C248DE73500A1AE26 /* MapView.swift */ = {isa = PBXFileReference; lastKnownFileType = sourcecode.swift; path = MapView.swift; sourceTree = "<group>"; };
		A891132DD3584FCA87D8417A /* Pods-Mountain Finder.debug.xcconfig */ = {isa = PBXFileReference; includeInIndex = 1; lastKnownFileType = text.xcconfig; name = "Pods-Mountain Finder.debug.xcconfig"; path = "Target Support Files/Pods-Mountain Finder/Pods-Mountain Finder.debug.xcconfig"; sourceTree = "<group>"; };
		C93F8883916A9B069808664E /* Pods_Mountain_FinderTests.framework */ = {isa = PBXFileReference; explicitFileType = wrapper.framework; includeInIndex = 0; path = Pods_Mountain_FinderTests.framework; sourceTree = BUILT_PRODUCTS_DIR; };
		E70C3FD2473F7F2DA635179E /* Pods-Mountain FinderTests.debug.xcconfig */ = {isa = PBXFileReference; includeInIndex = 1; lastKnownFileType = text.xcconfig; name = "Pods-Mountain FinderTests.debug.xcconfig"; path = "Target Support Files/Pods-Mountain FinderTests/Pods-Mountain FinderTests.debug.xcconfig"; sourceTree = "<group>"; };
/* End PBXFileReference section */

/* Begin PBXFrameworksBuildPhase section */
		A62F8EED248DB7F400A1AE26 /* Frameworks */ = {
			isa = PBXFrameworksBuildPhase;
			buildActionMask = 2147483647;
			files = (
				8B07112EE4BD6E7187E6E08E /* Pods_Mountain_Finder.framework in Frameworks */,
			);
			runOnlyForDeploymentPostprocessing = 0;
		};
		A62F8F06248DB7F600A1AE26 /* Frameworks */ = {
			isa = PBXFrameworksBuildPhase;
			buildActionMask = 2147483647;
			files = (
				A2CB034BB372EA09F6AEE3A0 /* Pods_Mountain_FinderTests.framework in Frameworks */,
			);
			runOnlyForDeploymentPostprocessing = 0;
		};
		A62F8F11248DB7F600A1AE26 /* Frameworks */ = {
			isa = PBXFrameworksBuildPhase;
			buildActionMask = 2147483647;
			files = (
				3A4B8446BBFEA372E57AA1B0 /* Pods_Mountain_Finder_Mountain_FinderUITests.framework in Frameworks */,
			);
			runOnlyForDeploymentPostprocessing = 0;
		};
/* End PBXFrameworksBuildPhase section */

/* Begin PBXGroup section */
		0704F276FA4F0AE5BBE909B3 /* Frameworks */ = {
			isa = PBXGroup;
			children = (
				2CF6C7AD9369F5AAB9DF574D /* Pods_Mountain_Finder.framework */,
				4B9668C2DE8DFDF6BF88BE44 /* Pods_Mountain_Finder_Mountain_FinderUITests.framework */,
				C93F8883916A9B069808664E /* Pods_Mountain_FinderTests.framework */,
			);
			name = Frameworks;
			sourceTree = "<group>";
		};
		A62F8EE7248DB7F400A1AE26 = {
			isa = PBXGroup;
			children = (
				A62F8EF2248DB7F400A1AE26 /* Mountain Finder */,
				A62F8F0C248DB7F600A1AE26 /* Mountain FinderTests */,
				A62F8F17248DB7F600A1AE26 /* Mountain FinderUITests */,
				A62F8EF1248DB7F400A1AE26 /* Products */,
				EB679F79B285A44738959331 /* Pods */,
				0704F276FA4F0AE5BBE909B3 /* Frameworks */,
			);
			sourceTree = "<group>";
		};
		A62F8EF1248DB7F400A1AE26 /* Products */ = {
			isa = PBXGroup;
			children = (
				A62F8EF0248DB7F400A1AE26 /* Mountain Finder.app */,
				A62F8F09248DB7F600A1AE26 /* Mountain FinderTests.xctest */,
				A62F8F14248DB7F600A1AE26 /* Mountain FinderUITests.xctest */,
			);
			name = Products;
			sourceTree = "<group>";
		};
		A62F8EF2248DB7F400A1AE26 /* Mountain Finder */ = {
			isa = PBXGroup;
			children = (
				A62F8F2C248DE73500A1AE26 /* MapView.swift */,
				A62F8EF3248DB7F400A1AE26 /* AppDelegate.swift */,
				A62F8EF5248DB7F400A1AE26 /* SceneDelegate.swift */,
				A62F8EFA248DB7F400A1AE26 /* ContentView.swift */,
				A62F8F26248DCC8F00A1AE26 /* Requests.swift */,
				A62F8F28248DCC9700A1AE26 /* Keys.swift */,
				A62F8EFC248DB7F500A1AE26 /* Assets.xcassets */,
				A62F8F01248DB7F500A1AE26 /* LaunchScreen.storyboard */,
				A62F8F04248DB7F500A1AE26 /* Info.plist */,
				A62F8EF7248DB7F400A1AE26 /* Mountain_Finder.xcdatamodeld */,
				A62F8EFE248DB7F500A1AE26 /* Preview Content */,
			);
			path = "Mountain Finder";
			sourceTree = "<group>";
		};
		A62F8EFE248DB7F500A1AE26 /* Preview Content */ = {
			isa = PBXGroup;
			children = (
				A62F8EFF248DB7F500A1AE26 /* Preview Assets.xcassets */,
			);
			path = "Preview Content";
			sourceTree = "<group>";
		};
		A62F8F0C248DB7F600A1AE26 /* Mountain FinderTests */ = {
			isa = PBXGroup;
			children = (
				A62F8F0D248DB7F600A1AE26 /* Mountain_FinderTests.swift */,
				A62F8F0F248DB7F600A1AE26 /* Info.plist */,
			);
			path = "Mountain FinderTests";
			sourceTree = "<group>";
		};
		A62F8F17248DB7F600A1AE26 /* Mountain FinderUITests */ = {
			isa = PBXGroup;
			children = (
				A62F8F18248DB7F600A1AE26 /* Mountain_FinderUITests.swift */,
				A62F8F1A248DB7F600A1AE26 /* Info.plist */,
			);
			path = "Mountain FinderUITests";
			sourceTree = "<group>";
		};
		EB679F79B285A44738959331 /* Pods */ = {
			isa = PBXGroup;
			children = (
				A891132DD3584FCA87D8417A /* Pods-Mountain Finder.debug.xcconfig */,
				8DE1B401562080D95E846349 /* Pods-Mountain Finder.release.xcconfig */,
				854778699850617EBD17FC77 /* Pods-Mountain Finder-Mountain FinderUITests.debug.xcconfig */,
				8A0C49FB42A184A5E48A489F /* Pods-Mountain Finder-Mountain FinderUITests.release.xcconfig */,
				E70C3FD2473F7F2DA635179E /* Pods-Mountain FinderTests.debug.xcconfig */,
				421FF4FAC6F16E795C1E9CC9 /* Pods-Mountain FinderTests.release.xcconfig */,
			);
			path = Pods;
			sourceTree = "<group>";
		};
/* End PBXGroup section */

/* Begin PBXNativeTarget section */
		A62F8EEF248DB7F400A1AE26 /* Mountain Finder */ = {
			isa = PBXNativeTarget;
			buildConfigurationList = A62F8F1D248DB7F600A1AE26 /* Build configuration list for PBXNativeTarget "Mountain Finder" */;
			buildPhases = (
				97738DD5CBC92A7FA0A2924B /* [CP] Check Pods Manifest.lock */,
				A62F8EEC248DB7F400A1AE26 /* Sources */,
				A62F8EED248DB7F400A1AE26 /* Frameworks */,
				A62F8EEE248DB7F400A1AE26 /* Resources */,
				69DE682BB739F999C51D839E /* [CP] Embed Pods Frameworks */,
			);
			buildRules = (
			);
			dependencies = (
			);
			name = "Mountain Finder";
			productName = "Mountain Finder";
			productReference = A62F8EF0248DB7F400A1AE26 /* Mountain Finder.app */;
			productType = "com.apple.product-type.application";
		};
		A62F8F08248DB7F600A1AE26 /* Mountain FinderTests */ = {
			isa = PBXNativeTarget;
			buildConfigurationList = A62F8F20248DB7F600A1AE26 /* Build configuration list for PBXNativeTarget "Mountain FinderTests" */;
			buildPhases = (
				2CBE024C8D67A6FC4F1499BC /* [CP] Check Pods Manifest.lock */,
				A62F8F05248DB7F600A1AE26 /* Sources */,
				A62F8F06248DB7F600A1AE26 /* Frameworks */,
				A62F8F07248DB7F600A1AE26 /* Resources */,
			);
			buildRules = (
			);
			dependencies = (
				A62F8F0B248DB7F600A1AE26 /* PBXTargetDependency */,
			);
			name = "Mountain FinderTests";
			productName = "Mountain FinderTests";
			productReference = A62F8F09248DB7F600A1AE26 /* Mountain FinderTests.xctest */;
			productType = "com.apple.product-type.bundle.unit-test";
		};
		A62F8F13248DB7F600A1AE26 /* Mountain FinderUITests */ = {
			isa = PBXNativeTarget;
			buildConfigurationList = A62F8F23248DB7F600A1AE26 /* Build configuration list for PBXNativeTarget "Mountain FinderUITests" */;
			buildPhases = (
				A1B56765F4965E288CDF4EFF /* [CP] Check Pods Manifest.lock */,
				A62F8F10248DB7F600A1AE26 /* Sources */,
				A62F8F11248DB7F600A1AE26 /* Frameworks */,
				A62F8F12248DB7F600A1AE26 /* Resources */,
				F8E4C60115F1C4B148BC9709 /* [CP] Embed Pods Frameworks */,
			);
			buildRules = (
			);
			dependencies = (
				A62F8F16248DB7F600A1AE26 /* PBXTargetDependency */,
			);
			name = "Mountain FinderUITests";
			productName = "Mountain FinderUITests";
			productReference = A62F8F14248DB7F600A1AE26 /* Mountain FinderUITests.xctest */;
			productType = "com.apple.product-type.bundle.ui-testing";
		};
/* End PBXNativeTarget section */

/* Begin PBXProject section */
		A62F8EE8248DB7F400A1AE26 /* Project object */ = {
			isa = PBXProject;
			attributes = {
				LastSwiftUpdateCheck = 1150;
				LastUpgradeCheck = 1150;
				ORGANIZATIONNAME = "Matteo Bart";
				TargetAttributes = {
					A62F8EEF248DB7F400A1AE26 = {
						CreatedOnToolsVersion = 11.5;
					};
					A62F8F08248DB7F600A1AE26 = {
						CreatedOnToolsVersion = 11.5;
						TestTargetID = A62F8EEF248DB7F400A1AE26;
					};
					A62F8F13248DB7F600A1AE26 = {
						CreatedOnToolsVersion = 11.5;
						TestTargetID = A62F8EEF248DB7F400A1AE26;
					};
				};
			};
			buildConfigurationList = A62F8EEB248DB7F400A1AE26 /* Build configuration list for PBXProject "Mountain Finder" */;
			compatibilityVersion = "Xcode 9.3";
			developmentRegion = en;
			hasScannedForEncodings = 0;
			knownRegions = (
				en,
				Base,
			);
			mainGroup = A62F8EE7248DB7F400A1AE26;
			productRefGroup = A62F8EF1248DB7F400A1AE26 /* Products */;
			projectDirPath = "";
			projectRoot = "";
			targets = (
				A62F8EEF248DB7F400A1AE26 /* Mountain Finder */,
				A62F8F08248DB7F600A1AE26 /* Mountain FinderTests */,
				A62F8F13248DB7F600A1AE26 /* Mountain FinderUITests */,
			);
		};
/* End PBXProject section */

/* Begin PBXResourcesBuildPhase section */
		A62F8EEE248DB7F400A1AE26 /* Resources */ = {
			isa = PBXResourcesBuildPhase;
			buildActionMask = 2147483647;
			files = (
				A62F8F03248DB7F500A1AE26 /* LaunchScreen.storyboard in Resources */,
				A62F8F00248DB7F500A1AE26 /* Preview Assets.xcassets in Resources */,
				A62F8EFD248DB7F500A1AE26 /* Assets.xcassets in Resources */,
			);
			runOnlyForDeploymentPostprocessing = 0;
		};
		A62F8F07248DB7F600A1AE26 /* Resources */ = {
			isa = PBXResourcesBuildPhase;
			buildActionMask = 2147483647;
			files = (
			);
			runOnlyForDeploymentPostprocessing = 0;
		};
		A62F8F12248DB7F600A1AE26 /* Resources */ = {
			isa = PBXResourcesBuildPhase;
			buildActionMask = 2147483647;
			files = (
			);
			runOnlyForDeploymentPostprocessing = 0;
		};
/* End PBXResourcesBuildPhase section */

/* Begin PBXShellScriptBuildPhase section */
		2CBE024C8D67A6FC4F1499BC /* [CP] Check Pods Manifest.lock */ = {
			isa = PBXShellScriptBuildPhase;
			buildActionMask = 2147483647;
			files = (
			);
			inputFileListPaths = (
			);
			inputPaths = (
				"${PODS_PODFILE_DIR_PATH}/Podfile.lock",
				"${PODS_ROOT}/Manifest.lock",
			);
			name = "[CP] Check Pods Manifest.lock";
			outputFileListPaths = (
			);
			outputPaths = (
				"$(DERIVED_FILE_DIR)/Pods-Mountain FinderTests-checkManifestLockResult.txt",
			);
			runOnlyForDeploymentPostprocessing = 0;
			shellPath = /bin/sh;
			shellScript = "diff \"${PODS_PODFILE_DIR_PATH}/Podfile.lock\" \"${PODS_ROOT}/Manifest.lock\" > /dev/null\nif [ $? != 0 ] ; then\n    # print error to STDERR\n    echo \"error: The sandbox is not in sync with the Podfile.lock. Run 'pod install' or update your CocoaPods installation.\" >&2\n    exit 1\nfi\n# This output is used by Xcode 'outputs' to avoid re-running this script phase.\necho \"SUCCESS\" > \"${SCRIPT_OUTPUT_FILE_0}\"\n";
			showEnvVarsInLog = 0;
		};
		69DE682BB739F999C51D839E /* [CP] Embed Pods Frameworks */ = {
			isa = PBXShellScriptBuildPhase;
			buildActionMask = 2147483647;
			files = (
			);
			inputFileListPaths = (
				"${PODS_ROOT}/Target Support Files/Pods-Mountain Finder/Pods-Mountain Finder-frameworks-${CONFIGURATION}-input-files.xcfilelist",
			);
			name = "[CP] Embed Pods Frameworks";
			outputFileListPaths = (
				"${PODS_ROOT}/Target Support Files/Pods-Mountain Finder/Pods-Mountain Finder-frameworks-${CONFIGURATION}-output-files.xcfilelist",
			);
			runOnlyForDeploymentPostprocessing = 0;
			shellPath = /bin/sh;
			shellScript = "\"${PODS_ROOT}/Target Support Files/Pods-Mountain Finder/Pods-Mountain Finder-frameworks.sh\"\n";
			showEnvVarsInLog = 0;
		};
		97738DD5CBC92A7FA0A2924B /* [CP] Check Pods Manifest.lock */ = {
			isa = PBXShellScriptBuildPhase;
			buildActionMask = 2147483647;
			files = (
			);
			inputFileListPaths = (
			);
			inputPaths = (
				"${PODS_PODFILE_DIR_PATH}/Podfile.lock",
				"${PODS_ROOT}/Manifest.lock",
			);
			name = "[CP] Check Pods Manifest.lock";
			outputFileListPaths = (
			);
			outputPaths = (
				"$(DERIVED_FILE_DIR)/Pods-Mountain Finder-checkManifestLockResult.txt",
			);
			runOnlyForDeploymentPostprocessing = 0;
			shellPath = /bin/sh;
			shellScript = "diff \"${PODS_PODFILE_DIR_PATH}/Podfile.lock\" \"${PODS_ROOT}/Manifest.lock\" > /dev/null\nif [ $? != 0 ] ; then\n    # print error to STDERR\n    echo \"error: The sandbox is not in sync with the Podfile.lock. Run 'pod install' or update your CocoaPods installation.\" >&2\n    exit 1\nfi\n# This output is used by Xcode 'outputs' to avoid re-running this script phase.\necho \"SUCCESS\" > \"${SCRIPT_OUTPUT_FILE_0}\"\n";
			showEnvVarsInLog = 0;
		};
		A1B56765F4965E288CDF4EFF /* [CP] Check Pods Manifest.lock */ = {
			isa = PBXShellScriptBuildPhase;
			buildActionMask = 2147483647;
			files = (
			);
			inputFileListPaths = (
			);
			inputPaths = (
				"${PODS_PODFILE_DIR_PATH}/Podfile.lock",
				"${PODS_ROOT}/Manifest.lock",
			);
			name = "[CP] Check Pods Manifest.lock";
			outputFileListPaths = (
			);
			outputPaths = (
				"$(DERIVED_FILE_DIR)/Pods-Mountain Finder-Mountain FinderUITests-checkManifestLockResult.txt",
			);
			runOnlyForDeploymentPostprocessing = 0;
			shellPath = /bin/sh;
			shellScript = "diff \"${PODS_PODFILE_DIR_PATH}/Podfile.lock\" \"${PODS_ROOT}/Manifest.lock\" > /dev/null\nif [ $? != 0 ] ; then\n    # print error to STDERR\n    echo \"error: The sandbox is not in sync with the Podfile.lock. Run 'pod install' or update your CocoaPods installation.\" >&2\n    exit 1\nfi\n# This output is used by Xcode 'outputs' to avoid re-running this script phase.\necho \"SUCCESS\" > \"${SCRIPT_OUTPUT_FILE_0}\"\n";
			showEnvVarsInLog = 0;
		};
		F8E4C60115F1C4B148BC9709 /* [CP] Embed Pods Frameworks */ = {
			isa = PBXShellScriptBuildPhase;
			buildActionMask = 2147483647;
			files = (
			);
			inputFileListPaths = (
				"${PODS_ROOT}/Target Support Files/Pods-Mountain Finder-Mountain FinderUITests/Pods-Mountain Finder-Mountain FinderUITests-frameworks-${CONFIGURATION}-input-files.xcfilelist",
			);
			name = "[CP] Embed Pods Frameworks";
			outputFileListPaths = (
				"${PODS_ROOT}/Target Support Files/Pods-Mountain Finder-Mountain FinderUITests/Pods-Mountain Finder-Mountain FinderUITests-frameworks-${CONFIGURATION}-output-files.xcfilelist",
			);
			runOnlyForDeploymentPostprocessing = 0;
			shellPath = /bin/sh;
			shellScript = "\"${PODS_ROOT}/Target Support Files/Pods-Mountain Finder-Mountain FinderUITests/Pods-Mountain Finder-Mountain FinderUITests-frameworks.sh\"\n";
			showEnvVarsInLog = 0;
		};
/* End PBXShellScriptBuildPhase section */

/* Begin PBXSourcesBuildPhase section */
		A62F8EEC248DB7F400A1AE26 /* Sources */ = {
			isa = PBXSourcesBuildPhase;
			buildActionMask = 2147483647;
			files = (
				A62F8F2D248DE73500A1AE26 /* MapView.swift in Sources */,
				A62F8EF9248DB7F400A1AE26 /* Mountain_Finder.xcdatamodeld in Sources */,
				A62F8F29248DCC9700A1AE26 /* Keys.swift in Sources */,
				A62F8EF4248DB7F400A1AE26 /* AppDelegate.swift in Sources */,
				A62F8EFB248DB7F400A1AE26 /* ContentView.swift in Sources */,
				A62F8F27248DCC9000A1AE26 /* Requests.swift in Sources */,
				A62F8EF6248DB7F400A1AE26 /* SceneDelegate.swift in Sources */,
			);
			runOnlyForDeploymentPostprocessing = 0;
		};
		A62F8F05248DB7F600A1AE26 /* Sources */ = {
			isa = PBXSourcesBuildPhase;
			buildActionMask = 2147483647;
			files = (
				A62F8F0E248DB7F600A1AE26 /* Mountain_FinderTests.swift in Sources */,
			);
			runOnlyForDeploymentPostprocessing = 0;
		};
		A62F8F10248DB7F600A1AE26 /* Sources */ = {
			isa = PBXSourcesBuildPhase;
			buildActionMask = 2147483647;
			files = (
				A62F8F19248DB7F600A1AE26 /* Mountain_FinderUITests.swift in Sources */,
			);
			runOnlyForDeploymentPostprocessing = 0;
		};
/* End PBXSourcesBuildPhase section */

/* Begin PBXTargetDependency section */
		A62F8F0B248DB7F600A1AE26 /* PBXTargetDependency */ = {
			isa = PBXTargetDependency;
			target = A62F8EEF248DB7F400A1AE26 /* Mountain Finder */;
			targetProxy = A62F8F0A248DB7F600A1AE26 /* PBXContainerItemProxy */;
		};
		A62F8F16248DB7F600A1AE26 /* PBXTargetDependency */ = {
			isa = PBXTargetDependency;
			target = A62F8EEF248DB7F400A1AE26 /* Mountain Finder */;
			targetProxy = A62F8F15248DB7F600A1AE26 /* PBXContainerItemProxy */;
		};
/* End PBXTargetDependency section */

/* Begin PBXVariantGroup section */
		A62F8F01248DB7F500A1AE26 /* LaunchScreen.storyboard */ = {
			isa = PBXVariantGroup;
			children = (
				A62F8F02248DB7F500A1AE26 /* Base */,
			);
			name = LaunchScreen.storyboard;
			sourceTree = "<group>";
		};
/* End PBXVariantGroup section */

/* Begin XCBuildConfiguration section */
		A62F8F1B248DB7F600A1AE26 /* Debug */ = {
			isa = XCBuildConfiguration;
			buildSettings = {
				ALWAYS_SEARCH_USER_PATHS = NO;
				CLANG_ANALYZER_NONNULL = YES;
				CLANG_ANALYZER_NUMBER_OBJECT_CONVERSION = YES_AGGRESSIVE;
				CLANG_CXX_LANGUAGE_STANDARD = "gnu++14";
				CLANG_CXX_LIBRARY = "libc++";
				CLANG_ENABLE_MODULES = YES;
				CLANG_ENABLE_OBJC_ARC = YES;
				CLANG_ENABLE_OBJC_WEAK = YES;
				CLANG_WARN_BLOCK_CAPTURE_AUTORELEASING = YES;
				CLANG_WARN_BOOL_CONVERSION = YES;
				CLANG_WARN_COMMA = YES;
				CLANG_WARN_CONSTANT_CONVERSION = YES;
				CLANG_WARN_DEPRECATED_OBJC_IMPLEMENTATIONS = YES;
				CLANG_WARN_DIRECT_OBJC_ISA_USAGE = YES_ERROR;
				CLANG_WARN_DOCUMENTATION_COMMENTS = YES;
				CLANG_WARN_EMPTY_BODY = YES;
				CLANG_WARN_ENUM_CONVERSION = YES;
				CLANG_WARN_INFINITE_RECURSION = YES;
				CLANG_WARN_INT_CONVERSION = YES;
				CLANG_WARN_NON_LITERAL_NULL_CONVERSION = YES;
				CLANG_WARN_OBJC_IMPLICIT_RETAIN_SELF = YES;
				CLANG_WARN_OBJC_LITERAL_CONVERSION = YES;
				CLANG_WARN_OBJC_ROOT_CLASS = YES_ERROR;
				CLANG_WARN_RANGE_LOOP_ANALYSIS = YES;
				CLANG_WARN_STRICT_PROTOTYPES = YES;
				CLANG_WARN_SUSPICIOUS_MOVE = YES;
				CLANG_WARN_UNGUARDED_AVAILABILITY = YES_AGGRESSIVE;
				CLANG_WARN_UNREACHABLE_CODE = YES;
				CLANG_WARN__DUPLICATE_METHOD_MATCH = YES;
				COPY_PHASE_STRIP = NO;
				DEBUG_INFORMATION_FORMAT = dwarf;
				ENABLE_STRICT_OBJC_MSGSEND = YES;
				ENABLE_TESTABILITY = YES;
				GCC_C_LANGUAGE_STANDARD = gnu11;
				GCC_DYNAMIC_NO_PIC = NO;
				GCC_NO_COMMON_BLOCKS = YES;
				GCC_OPTIMIZATION_LEVEL = 0;
				GCC_PREPROCESSOR_DEFINITIONS = (
					"DEBUG=1",
					"$(inherited)",
				);
				GCC_WARN_64_TO_32_BIT_CONVERSION = YES;
				GCC_WARN_ABOUT_RETURN_TYPE = YES_ERROR;
				GCC_WARN_UNDECLARED_SELECTOR = YES;
				GCC_WARN_UNINITIALIZED_AUTOS = YES_AGGRESSIVE;
				GCC_WARN_UNUSED_FUNCTION = YES;
				GCC_WARN_UNUSED_VARIABLE = YES;
				IPHONEOS_DEPLOYMENT_TARGET = 13.5;
				MTL_ENABLE_DEBUG_INFO = INCLUDE_SOURCE;
				MTL_FAST_MATH = YES;
				ONLY_ACTIVE_ARCH = YES;
				SDKROOT = iphoneos;
				SWIFT_ACTIVE_COMPILATION_CONDITIONS = DEBUG;
				SWIFT_OPTIMIZATION_LEVEL = "-Onone";
			};
			name = Debug;
		};
		A62F8F1C248DB7F600A1AE26 /* Release */ = {
			isa = XCBuildConfiguration;
			buildSettings = {
				ALWAYS_SEARCH_USER_PATHS = NO;
				CLANG_ANALYZER_NONNULL = YES;
				CLANG_ANALYZER_NUMBER_OBJECT_CONVERSION = YES_AGGRESSIVE;
				CLANG_CXX_LANGUAGE_STANDARD = "gnu++14";
				CLANG_CXX_LIBRARY = "libc++";
				CLANG_ENABLE_MODULES = YES;
				CLANG_ENABLE_OBJC_ARC = YES;
				CLANG_ENABLE_OBJC_WEAK = YES;
				CLANG_WARN_BLOCK_CAPTURE_AUTORELEASING = YES;
				CLANG_WARN_BOOL_CONVERSION = YES;
				CLANG_WARN_COMMA = YES;
				CLANG_WARN_CONSTANT_CONVERSION = YES;
				CLANG_WARN_DEPRECATED_OBJC_IMPLEMENTATIONS = YES;
				CLANG_WARN_DIRECT_OBJC_ISA_USAGE = YES_ERROR;
				CLANG_WARN_DOCUMENTATION_COMMENTS = YES;
				CLANG_WARN_EMPTY_BODY = YES;
				CLANG_WARN_ENUM_CONVERSION = YES;
				CLANG_WARN_INFINITE_RECURSION = YES;
				CLANG_WARN_INT_CONVERSION = YES;
				CLANG_WARN_NON_LITERAL_NULL_CONVERSION = YES;
				CLANG_WARN_OBJC_IMPLICIT_RETAIN_SELF = YES;
				CLANG_WARN_OBJC_LITERAL_CONVERSION = YES;
				CLANG_WARN_OBJC_ROOT_CLASS = YES_ERROR;
				CLANG_WARN_RANGE_LOOP_ANALYSIS = YES;
				CLANG_WARN_STRICT_PROTOTYPES = YES;
				CLANG_WARN_SUSPICIOUS_MOVE = YES;
				CLANG_WARN_UNGUARDED_AVAILABILITY = YES_AGGRESSIVE;
				CLANG_WARN_UNREACHABLE_CODE = YES;
				CLANG_WARN__DUPLICATE_METHOD_MATCH = YES;
				COPY_PHASE_STRIP = NO;
				DEBUG_INFORMATION_FORMAT = "dwarf-with-dsym";
				ENABLE_NS_ASSERTIONS = NO;
				ENABLE_STRICT_OBJC_MSGSEND = YES;
				GCC_C_LANGUAGE_STANDARD = gnu11;
				GCC_NO_COMMON_BLOCKS = YES;
				GCC_WARN_64_TO_32_BIT_CONVERSION = YES;
				GCC_WARN_ABOUT_RETURN_TYPE = YES_ERROR;
				GCC_WARN_UNDECLARED_SELECTOR = YES;
				GCC_WARN_UNINITIALIZED_AUTOS = YES_AGGRESSIVE;
				GCC_WARN_UNUSED_FUNCTION = YES;
				GCC_WARN_UNUSED_VARIABLE = YES;
				IPHONEOS_DEPLOYMENT_TARGET = 13.5;
				MTL_ENABLE_DEBUG_INFO = NO;
				MTL_FAST_MATH = YES;
				SDKROOT = iphoneos;
				SWIFT_COMPILATION_MODE = wholemodule;
				SWIFT_OPTIMIZATION_LEVEL = "-O";
				VALIDATE_PRODUCT = YES;
			};
			name = Release;
		};
		A62F8F1E248DB7F600A1AE26 /* Debug */ = {
			isa = XCBuildConfiguration;
			baseConfigurationReference = A891132DD3584FCA87D8417A /* Pods-Mountain Finder.debug.xcconfig */;
			buildSettings = {
				ASSETCATALOG_COMPILER_APPICON_NAME = AppIcon;
				CODE_SIGN_STYLE = Automatic;
				DEVELOPMENT_ASSET_PATHS = "\"Mountain Finder/Preview Content\"";
				DEVELOPMENT_TEAM = 7TST5593AZ;
				ENABLE_PREVIEWS = YES;
				INFOPLIST_FILE = "Mountain Finder/Info.plist";
				LD_RUNPATH_SEARCH_PATHS = (
					"$(inherited)",
					"@executable_path/Frameworks",
				);
				PRODUCT_BUNDLE_IDENTIFIER = "MatteoBartalini.Mountain-Finder";
				PRODUCT_NAME = "$(TARGET_NAME)";
				SWIFT_VERSION = 5.0;
				TARGETED_DEVICE_FAMILY = "1,2";
			};
			name = Debug;
		};
		A62F8F1F248DB7F600A1AE26 /* Release */ = {
			isa = XCBuildConfiguration;
			baseConfigurationReference = 8DE1B401562080D95E846349 /* Pods-Mountain Finder.release.xcconfig */;
			buildSettings = {
				ASSETCATALOG_COMPILER_APPICON_NAME = AppIcon;
				CODE_SIGN_STYLE = Automatic;
				DEVELOPMENT_ASSET_PATHS = "\"Mountain Finder/Preview Content\"";
				DEVELOPMENT_TEAM = 7TST5593AZ;
				ENABLE_PREVIEWS = YES;
				INFOPLIST_FILE = "Mountain Finder/Info.plist";
				LD_RUNPATH_SEARCH_PATHS = (
					"$(inherited)",
					"@executable_path/Frameworks",
				);
				PRODUCT_BUNDLE_IDENTIFIER = "MatteoBartalini.Mountain-Finder";
				PRODUCT_NAME = "$(TARGET_NAME)";
				SWIFT_VERSION = 5.0;
				TARGETED_DEVICE_FAMILY = "1,2";
			};
			name = Release;
		};
		A62F8F21248DB7F600A1AE26 /* Debug */ = {
			isa = XCBuildConfiguration;
			baseConfigurationReference = E70C3FD2473F7F2DA635179E /* Pods-Mountain FinderTests.debug.xcconfig */;
			buildSettings = {
				ALWAYS_EMBED_SWIFT_STANDARD_LIBRARIES = YES;
				BUNDLE_LOADER = "$(TEST_HOST)";
				CODE_SIGN_STYLE = Automatic;
				DEVELOPMENT_TEAM = 7TST5593AZ;
				INFOPLIST_FILE = "Mountain FinderTests/Info.plist";
				IPHONEOS_DEPLOYMENT_TARGET = 13.5;
				LD_RUNPATH_SEARCH_PATHS = (
					"$(inherited)",
					"@executable_path/Frameworks",
					"@loader_path/Frameworks",
				);
				PRODUCT_BUNDLE_IDENTIFIER = "MatteoBartalini.Mountain-FinderTests";
				PRODUCT_NAME = "$(TARGET_NAME)";
				SWIFT_VERSION = 5.0;
				TARGETED_DEVICE_FAMILY = "1,2";
				TEST_HOST = "$(BUILT_PRODUCTS_DIR)/Mountain Finder.app/Mountain Finder";
			};
			name = Debug;
		};
		A62F8F22248DB7F600A1AE26 /* Release */ = {
			isa = XCBuildConfiguration;
			baseConfigurationReference = 421FF4FAC6F16E795C1E9CC9 /* Pods-Mountain FinderTests.release.xcconfig */;
			buildSettings = {
				ALWAYS_EMBED_SWIFT_STANDARD_LIBRARIES = YES;
				BUNDLE_LOADER = "$(TEST_HOST)";
				CODE_SIGN_STYLE = Automatic;
				DEVELOPMENT_TEAM = 7TST5593AZ;
				INFOPLIST_FILE = "Mountain FinderTests/Info.plist";
				IPHONEOS_DEPLOYMENT_TARGET = 13.5;
				LD_RUNPATH_SEARCH_PATHS = (
					"$(inherited)",
					"@executable_path/Frameworks",
					"@loader_path/Frameworks",
				);
				PRODUCT_BUNDLE_IDENTIFIER = "MatteoBartalini.Mountain-FinderTests";
				PRODUCT_NAME = "$(TARGET_NAME)";
				SWIFT_VERSION = 5.0;
				TARGETED_DEVICE_FAMILY = "1,2";
				TEST_HOST = "$(BUILT_PRODUCTS_DIR)/Mountain Finder.app/Mountain Finder";
			};
			name = Release;
		};
		A62F8F24248DB7F600A1AE26 /* Debug */ = {
			isa = XCBuildConfiguration;
			baseConfigurationReference = 854778699850617EBD17FC77 /* Pods-Mountain Finder-Mountain FinderUITests.debug.xcconfig */;
			buildSettings = {
				ALWAYS_EMBED_SWIFT_STANDARD_LIBRARIES = YES;
				CODE_SIGN_STYLE = Automatic;
				DEVELOPMENT_TEAM = 7TST5593AZ;
				INFOPLIST_FILE = "Mountain FinderUITests/Info.plist";
				LD_RUNPATH_SEARCH_PATHS = (
					"$(inherited)",
					"@executable_path/Frameworks",
					"@loader_path/Frameworks",
				);
				PRODUCT_BUNDLE_IDENTIFIER = "MatteoBartalini.Mountain-FinderUITests";
				PRODUCT_NAME = "$(TARGET_NAME)";
				SWIFT_VERSION = 5.0;
				TARGETED_DEVICE_FAMILY = "1,2";
				TEST_TARGET_NAME = "Mountain Finder";
			};
			name = Debug;
		};
		A62F8F25248DB7F600A1AE26 /* Release */ = {
			isa = XCBuildConfiguration;
			baseConfigurationReference = 8A0C49FB42A184A5E48A489F /* Pods-Mountain Finder-Mountain FinderUITests.release.xcconfig */;
			buildSettings = {
				ALWAYS_EMBED_SWIFT_STANDARD_LIBRARIES = YES;
				CODE_SIGN_STYLE = Automatic;
				DEVELOPMENT_TEAM = 7TST5593AZ;
				INFOPLIST_FILE = "Mountain FinderUITests/Info.plist";
				LD_RUNPATH_SEARCH_PATHS = (
					"$(inherited)",
					"@executable_path/Frameworks",
					"@loader_path/Frameworks",
				);
				PRODUCT_BUNDLE_IDENTIFIER = "MatteoBartalini.Mountain-FinderUITests";
				PRODUCT_NAME = "$(TARGET_NAME)";
				SWIFT_VERSION = 5.0;
				TARGETED_DEVICE_FAMILY = "1,2";
				TEST_TARGET_NAME = "Mountain Finder";
			};
			name = Release;
		};
/* End XCBuildConfiguration section */

/* Begin XCConfigurationList section */
		A62F8EEB248DB7F400A1AE26 /* Build configuration list for PBXProject "Mountain Finder" */ = {
			isa = XCConfigurationList;
			buildConfigurations = (
				A62F8F1B248DB7F600A1AE26 /* Debug */,
				A62F8F1C248DB7F600A1AE26 /* Release */,
			);
			defaultConfigurationIsVisible = 0;
			defaultConfigurationName = Release;
		};
		A62F8F1D248DB7F600A1AE26 /* Build configuration list for PBXNativeTarget "Mountain Finder" */ = {
			isa = XCConfigurationList;
			buildConfigurations = (
				A62F8F1E248DB7F600A1AE26 /* Debug */,
				A62F8F1F248DB7F600A1AE26 /* Release */,
			);
			defaultConfigurationIsVisible = 0;
			defaultConfigurationName = Release;
		};
		A62F8F20248DB7F600A1AE26 /* Build configuration list for PBXNativeTarget "Mountain FinderTests" */ = {
			isa = XCConfigurationList;
			buildConfigurations = (
				A62F8F21248DB7F600A1AE26 /* Debug */,
				A62F8F22248DB7F600A1AE26 /* Release */,
			);
			defaultConfigurationIsVisible = 0;
			defaultConfigurationName = Release;
		};
		A62F8F23248DB7F600A1AE26 /* Build configuration list for PBXNativeTarget "Mountain FinderUITests" */ = {
			isa = XCConfigurationList;
			buildConfigurations = (
				A62F8F24248DB7F600A1AE26 /* Debug */,
				A62F8F25248DB7F600A1AE26 /* Release */,
			);
			defaultConfigurationIsVisible = 0;
			defaultConfigurationName = Release;
		};
/* End XCConfigurationList section */

/* Begin XCVersionGroup section */
		A62F8EF7248DB7F400A1AE26 /* Mountain_Finder.xcdatamodeld */ = {
			isa = XCVersionGroup;
			children = (
				A62F8EF8248DB7F400A1AE26 /* Mountain_Finder.xcdatamodel */,
			);
			currentVersion = A62F8EF8248DB7F400A1AE26 /* Mountain_Finder.xcdatamodel */;
			path = Mountain_Finder.xcdatamodeld;
			sourceTree = "<group>";
			versionGroupType = wrapper.xcdatamodel;
		};
/* End XCVersionGroup section */
	};
	rootObject = A62F8EE8248DB7F400A1AE26 /* Project object */;
}
